
Microsoft Visual Studio Solution File, Format Version 12.00
# Visual Studio Version 16
VisualStudioVersion = 16.0.29728.190
MinimumVisualStudioVersion = 10.0.40219.1
Project("{FAE04EC0-301F-11D3-BF4B-00C04F79EFBC}") = "CSharp.Net-FinalProject", "CSharp.Net-FinalProject.csproj", "{7B2D5A1D-7DD6-48A3-81EB-F35C119F7EFF}"
EndProject
Global
	GlobalSection(SolutionConfigurationPlatforms) = preSolution
		Debug|Any CPU = Debug|Any CPU
		Release|Any CPU = Release|Any CPU
	EndGlobalSection
	GlobalSection(ProjectConfigurationPlatforms) = postSolution
		{7B2D5A1D-7DD6-48A3-81EB-F35C119F7EFF}.Debug|Any CPU.ActiveCfg = Debug|Any CPU
		{7B2D5A1D-7DD6-48A3-81EB-F35C119F7EFF}.Debug|Any CPU.Build.0 = Debug|Any CPU
		{7B2D5A1D-7DD6-48A3-81EB-F35C119F7EFF}.Release|Any CPU.ActiveCfg = Release|Any CPU
		{7B2D5A1D-7DD6-48A3-81EB-F35C119F7EFF}.Release|Any CPU.Build.0 = Release|Any CPU
	EndGlobalSection
	GlobalSection(SolutionProperties) = preSolution
		HideSolutionNode = FALSE
	EndGlobalSection
	GlobalSection(ExtensibilityGlobals) = postSolution
		SolutionGuid = {5E6BB341-FE5B-433E-A44A-4DB3BB8E1084}
	EndGlobalSection
EndGlobal
